// !$*UTF8*$!
{
	archiveVersion = 1;
	classes = {
	};
	objectVersion = 55;
	objects = {

/* Begin PBXBuildFile section */
		77482F002881ED4500082BEB /* AppDelegate.swift in Sources */ = {isa = PBXBuildFile; fileRef = 77482EFF2881ED4500082BEB /* AppDelegate.swift */; };
		77482F022881ED4500082BEB /* SceneDelegate.swift in Sources */ = {isa = PBXBuildFile; fileRef = 77482F012881ED4500082BEB /* SceneDelegate.swift */; };
		77482F042881ED4500082BEB /* ViewController.swift in Sources */ = {isa = PBXBuildFile; fileRef = 77482F032881ED4500082BEB /* ViewController.swift */; };
		77482F072881ED4500082BEB /* Main.storyboard in Resources */ = {isa = PBXBuildFile; fileRef = 77482F052881ED4500082BEB /* Main.storyboard */; };
		77482F092881ED4600082BEB /* Assets.xcassets in Resources */ = {isa = PBXBuildFile; fileRef = 77482F082881ED4600082BEB /* Assets.xcassets */; };
		77482F0C2881ED4600082BEB /* LaunchScreen.storyboard in Resources */ = {isa = PBXBuildFile; fileRef = 77482F0A2881ED4600082BEB /* LaunchScreen.storyboard */; };
		77482F1A2881F51300082BEB /* MovieStructTests.swift in Sources */ = {isa = PBXBuildFile; fileRef = 77482F192881F51300082BEB /* MovieStructTests.swift */; };
		77482F22288296A500082BEB /* Movie.swift in Sources */ = {isa = PBXBuildFile; fileRef = 77482F21288296A500082BEB /* Movie.swift */; };
		77A82E672882EBAD0053B39D /* MovieManagerTests.swift in Sources */ = {isa = PBXBuildFile; fileRef = 77A82E662882EBAD0053B39D /* MovieManagerTests.swift */; };
		77A82E692882F1E40053B39D /* MovieManager.swift in Sources */ = {isa = PBXBuildFile; fileRef = 77A82E682882F1E40053B39D /* MovieManager.swift */; };
/* End PBXBuildFile section */

/* Begin PBXContainerItemProxy section */
		77482F1B2881F51300082BEB /* PBXContainerItemProxy */ = {
			isa = PBXContainerItemProxy;
			containerPortal = 77482EF42881ED4500082BEB /* Project object */;
			proxyType = 1;
			remoteGlobalIDString = 77482EFB2881ED4500082BEB;
			remoteInfo = TDDPractice;
		};
/* End PBXContainerItemProxy section */

/* Begin PBXFileReference section */
		77482EFC2881ED4500082BEB /* TDDPractice.app */ = {isa = PBXFileReference; explicitFileType = wrapper.application; includeInIndex = 0; path = TDDPractice.app; sourceTree = BUILT_PRODUCTS_DIR; };
		77482EFF2881ED4500082BEB /* AppDelegate.swift */ = {isa = PBXFileReference; lastKnownFileType = sourcecode.swift; path = AppDelegate.swift; sourceTree = "<group>"; };
		77482F012881ED4500082BEB /* SceneDelegate.swift */ = {isa = PBXFileReference; lastKnownFileType = sourcecode.swift; path = SceneDelegate.swift; sourceTree = "<group>"; };
		77482F032881ED4500082BEB /* ViewController.swift */ = {isa = PBXFileReference; lastKnownFileType = sourcecode.swift; path = ViewController.swift; sourceTree = "<group>"; };
		77482F062881ED4500082BEB /* Base */ = {isa = PBXFileReference; lastKnownFileType = file.storyboard; name = Base; path = Base.lproj/Main.storyboard; sourceTree = "<group>"; };
		77482F082881ED4600082BEB /* Assets.xcassets */ = {isa = PBXFileReference; lastKnownFileType = folder.assetcatalog; path = Assets.xcassets; sourceTree = "<group>"; };
		77482F0B2881ED4600082BEB /* Base */ = {isa = PBXFileReference; lastKnownFileType = file.storyboard; name = Base; path = Base.lproj/LaunchScreen.storyboard; sourceTree = "<group>"; };
		77482F0D2881ED4600082BEB /* Info.plist */ = {isa = PBXFileReference; lastKnownFileType = text.plist.xml; path = Info.plist; sourceTree = "<group>"; };
		77482F172881F51300082BEB /* TDDPracticeTests.xctest */ = {isa = PBXFileReference; explicitFileType = wrapper.cfbundle; includeInIndex = 0; path = TDDPracticeTests.xctest; sourceTree = BUILT_PRODUCTS_DIR; };
		77482F192881F51300082BEB /* MovieStructTests.swift */ = {isa = PBXFileReference; lastKnownFileType = sourcecode.swift; path = MovieStructTests.swift; sourceTree = "<group>"; };
		77482F21288296A500082BEB /* Movie.swift */ = {isa = PBXFileReference; lastKnownFileType = sourcecode.swift; path = Movie.swift; sourceTree = "<group>"; };
		77A82E662882EBAD0053B39D /* MovieManagerTests.swift */ = {isa = PBXFileReference; lastKnownFileType = sourcecode.swift; path = MovieManagerTests.swift; sourceTree = "<group>"; };
		77A82E682882F1E40053B39D /* MovieManager.swift */ = {isa = PBXFileReference; lastKnownFileType = sourcecode.swift; path = MovieManager.swift; sourceTree = "<group>"; };
/* End PBXFileReference section */

/* Begin PBXFrameworksBuildPhase section */
		77482EF92881ED4500082BEB /* Frameworks */ = {
			isa = PBXFrameworksBuildPhase;
			buildActionMask = 2147483647;
			files = (
			);
			runOnlyForDeploymentPostprocessing = 0;
		};
		77482F142881F51300082BEB /* Frameworks */ = {
			isa = PBXFrameworksBuildPhase;
			buildActionMask = 2147483647;
			files = (
			);
			runOnlyForDeploymentPostprocessing = 0;
		};
/* End PBXFrameworksBuildPhase section */

/* Begin PBXGroup section */
		77482EF32881ED4500082BEB = {
			isa = PBXGroup;
			children = (
				77482EFE2881ED4500082BEB /* TDDPractice */,
				77482F182881F51300082BEB /* TDDPracticeTests */,
				77482EFD2881ED4500082BEB /* Products */,
			);
			sourceTree = "<group>";
		};
		77482EFD2881ED4500082BEB /* Products */ = {
			isa = PBXGroup;
			children = (
				77482EFC2881ED4500082BEB /* TDDPractice.app */,
				77482F172881F51300082BEB /* TDDPracticeTests.xctest */,
			);
			name = Products;
			sourceTree = "<group>";
		};
		77482EFE2881ED4500082BEB /* TDDPractice */ = {
			isa = PBXGroup;
			children = (
				77482F2328829E4700082BEB /* Controller */,
				77482F202882969B00082BEB /* Model */,
				77482EFF2881ED4500082BEB /* AppDelegate.swift */,
				77482F012881ED4500082BEB /* SceneDelegate.swift */,
				77482F052881ED4500082BEB /* Main.storyboard */,
				77482F082881ED4600082BEB /* Assets.xcassets */,
				77482F0A2881ED4600082BEB /* LaunchScreen.storyboard */,
				77482F0D2881ED4600082BEB /* Info.plist */,
			);
			path = TDDPractice;
			sourceTree = "<group>";
		};
		77482F182881F51300082BEB /* TDDPracticeTests */ = {
			isa = PBXGroup;
			children = (
				77482F252882A6D600082BEB /* Test Controllers */,
				77482F242882A2B900082BEB /* Test Models */,
			);
			path = TDDPracticeTests;
			sourceTree = "<group>";
		};
		77482F202882969B00082BEB /* Model */ = {
			isa = PBXGroup;
			children = (
				77482F21288296A500082BEB /* Movie.swift */,
				77A82E682882F1E40053B39D /* MovieManager.swift */,
			);
			path = Model;
			sourceTree = "<group>";
		};
		77482F2328829E4700082BEB /* Controller */ = {
			isa = PBXGroup;
			children = (
				77482F032881ED4500082BEB /* ViewController.swift */,
			);
			path = Controller;
			sourceTree = "<group>";
		};
		77482F242882A2B900082BEB /* Test Models */ = {
			isa = PBXGroup;
			children = (
				77482F192881F51300082BEB /* MovieStructTests.swift */,
				77A82E662882EBAD0053B39D /* MovieManagerTests.swift */,
			);
			path = "Test Models";
			sourceTree = "<group>";
		};
		77482F252882A6D600082BEB /* Test Controllers */ = {
			isa = PBXGroup;
			children = (
			);
			path = "Test Controllers";
			sourceTree = "<group>";
		};
/* End PBXGroup section */

/* Begin PBXNativeTarget section */
		77482EFB2881ED4500082BEB /* TDDPractice */ = {
			isa = PBXNativeTarget;
			buildConfigurationList = 77482F102881ED4600082BEB /* Build configuration list for PBXNativeTarget "TDDPractice" */;
			buildPhases = (
				77482EF82881ED4500082BEB /* Sources */,
				77482EF92881ED4500082BEB /* Frameworks */,
				77482EFA2881ED4500082BEB /* Resources */,
			);
			buildRules = (
			);
			dependencies = (
			);
			name = TDDPractice;
			productName = TDDPractice;
			productReference = 77482EFC2881ED4500082BEB /* TDDPractice.app */;
			productType = "com.apple.product-type.application";
		};
		77482F162881F51300082BEB /* TDDPracticeTests */ = {
			isa = PBXNativeTarget;
			buildConfigurationList = 77482F1D2881F51300082BEB /* Build configuration list for PBXNativeTarget "TDDPracticeTests" */;
			buildPhases = (
				77482F132881F51300082BEB /* Sources */,
				77482F142881F51300082BEB /* Frameworks */,
				77482F152881F51300082BEB /* Resources */,
			);
			buildRules = (
			);
			dependencies = (
				77482F1C2881F51300082BEB /* PBXTargetDependency */,
			);
			name = TDDPracticeTests;
			productName = TDDPracticeTests;
			productReference = 77482F172881F51300082BEB /* TDDPracticeTests.xctest */;
			productType = "com.apple.product-type.bundle.unit-test";
		};
/* End PBXNativeTarget section */

/* Begin PBXProject section */
		77482EF42881ED4500082BEB /* Project object */ = {
			isa = PBXProject;
			attributes = {
				BuildIndependentTargetsInParallel = 1;
				LastSwiftUpdateCheck = 1340;
				LastUpgradeCheck = 1340;
				TargetAttributes = {
					77482EFB2881ED4500082BEB = {
						CreatedOnToolsVersion = 13.4;
					};
					77482F162881F51300082BEB = {
						CreatedOnToolsVersion = 13.4;
						TestTargetID = 77482EFB2881ED4500082BEB;
					};
				};
			};
			buildConfigurationList = 77482EF72881ED4500082BEB /* Build configuration list for PBXProject "TDDPractice" */;
			compatibilityVersion = "Xcode 13.0";
			developmentRegion = en;
			hasScannedForEncodings = 0;
			knownRegions = (
				en,
				Base,
			);
			mainGroup = 77482EF32881ED4500082BEB;
			productRefGroup = 77482EFD2881ED4500082BEB /* Products */;
			projectDirPath = "";
			projectRoot = "";
			targets = (
				77482EFB2881ED4500082BEB /* TDDPractice */,
				77482F162881F51300082BEB /* TDDPracticeTests */,
			);
		};
/* End PBXProject section */

/* Begin PBXResourcesBuildPhase section */
		77482EFA2881ED4500082BEB /* Resources */ = {
			isa = PBXResourcesBuildPhase;
			buildActionMask = 2147483647;
			files = (
				77482F0C2881ED4600082BEB /* LaunchScreen.storyboard in Resources */,
				77482F092881ED4600082BEB /* Assets.xcassets in Resources */,
				77482F072881ED4500082BEB /* Main.storyboard in Resources */,
			);
			runOnlyForDeploymentPostprocessing = 0;
		};
		77482F152881F51300082BEB /* Resources */ = {
			isa = PBXResourcesBuildPhase;
			buildActionMask = 2147483647;
			files = (
			);
			runOnlyForDeploymentPostprocessing = 0;
		};
/* End PBXResourcesBuildPhase section */

/* Begin PBXSourcesBuildPhase section */
		77482EF82881ED4500082BEB /* Sources */ = {
			isa = PBXSourcesBuildPhase;
			buildActionMask = 2147483647;
			files = (
				77482F042881ED4500082BEB /* ViewController.swift in Sources */,
				77482F002881ED4500082BEB /* AppDelegate.swift in Sources */,
				77A82E692882F1E40053B39D /* MovieManager.swift in Sources */,
				77482F22288296A500082BEB /* Movie.swift in Sources */,
				77482F022881ED4500082BEB /* SceneDelegate.swift in Sources */,
			);
			runOnlyForDeploymentPostprocessing = 0;
		};
		77482F132881F51300082BEB /* Sources */ = {
			isa = PBXSourcesBuildPhase;
			buildActionMask = 2147483647;
			files = (
				77A82E672882EBAD0053B39D /* MovieManagerTests.swift in Sources */,
				77482F1A2881F51300082BEB /* MovieStructTests.swift in Sources */,
			);
			runOnlyForDeploymentPostprocessing = 0;
		};
/* End PBXSourcesBuildPhase section */

/* Begin PBXTargetDependency section */
		77482F1C2881F51300082BEB /* PBXTargetDependency */ = {
			isa = PBXTargetDependency;
			target = 77482EFB2881ED4500082BEB /* TDDPractice */;
			targetProxy = 77482F1B2881F51300082BEB /* PBXContainerItemProxy */;
		};
/* End PBXTargetDependency section */

/* Begin PBXVariantGroup section */
		77482F052881ED4500082BEB /* Main.storyboard */ = {
			isa = PBXVariantGroup;
			children = (
				77482F062881ED4500082BEB /* Base */,
			);
			name = Main.storyboard;
			sourceTree = "<group>";
		};
		77482F0A2881ED4600082BEB /* LaunchScreen.storyboard */ = {
			isa = PBXVariantGroup;
			children = (
				77482F0B2881ED4600082BEB /* Base */,
			);
			name = LaunchScreen.storyboard;
			sourceTree = "<group>";
		};
/* End PBXVariantGroup section */

/* Begin XCBuildConfiguration section */
		77482F0E2881ED4600082BEB /* Debug */ = {
			isa = XCBuildConfiguration;
			buildSettings = {
				ALWAYS_SEARCH_USER_PATHS = NO;
				CLANG_ANALYZER_NONNULL = YES;
				CLANG_ANALYZER_NUMBER_OBJECT_CONVERSION = YES_AGGRESSIVE;
				CLANG_CXX_LANGUAGE_STANDARD = "gnu++17";
				CLANG_ENABLE_MODULES = YES;
				CLANG_ENABLE_OBJC_ARC = YES;
				CLANG_ENABLE_OBJC_WEAK = YES;
				CLANG_WARN_BLOCK_CAPTURE_AUTORELEASING = YES;
				CLANG_WARN_BOOL_CONVERSION = YES;
				CLANG_WARN_COMMA = YES;
				CLANG_WARN_CONSTANT_CONVERSION = YES;
				CLANG_WARN_DEPRECATED_OBJC_IMPLEMENTATIONS = YES;
				CLANG_WARN_DIRECT_OBJC_ISA_USAGE = YES_ERROR;
				CLANG_WARN_DOCUMENTATION_COMMENTS = YES;
				CLANG_WARN_EMPTY_BODY = YES;
				CLANG_WARN_ENUM_CONVERSION = YES;
				CLANG_WARN_INFINITE_RECURSION = YES;
				CLANG_WARN_INT_CONVERSION = YES;
				CLANG_WARN_NON_LITERAL_NULL_CONVERSION = YES;
				CLANG_WARN_OBJC_IMPLICIT_RETAIN_SELF = YES;
				CLANG_WARN_OBJC_LITERAL_CONVERSION = YES;
				CLANG_WARN_OBJC_ROOT_CLASS = YES_ERROR;
				CLANG_WARN_QUOTED_INCLUDE_IN_FRAMEWORK_HEADER = YES;
				CLANG_WARN_RANGE_LOOP_ANALYSIS = YES;
				CLANG_WARN_STRICT_PROTOTYPES = YES;
				CLANG_WARN_SUSPICIOUS_MOVE = YES;
				CLANG_WARN_UNGUARDED_AVAILABILITY = YES_AGGRESSIVE;
				CLANG_WARN_UNREACHABLE_CODE = YES;
				CLANG_WARN__DUPLICATE_METHOD_MATCH = YES;
				COPY_PHASE_STRIP = NO;
				DEBUG_INFORMATION_FORMAT = dwarf;
				ENABLE_STRICT_OBJC_MSGSEND = YES;
				ENABLE_TESTABILITY = YES;
				GCC_C_LANGUAGE_STANDARD = gnu11;
				GCC_DYNAMIC_NO_PIC = NO;
				GCC_NO_COMMON_BLOCKS = YES;
				GCC_OPTIMIZATION_LEVEL = 0;
				GCC_PREPROCESSOR_DEFINITIONS = (
					"DEBUG=1",
					"$(inherited)",
				);
				GCC_WARN_64_TO_32_BIT_CONVERSION = YES;
				GCC_WARN_ABOUT_RETURN_TYPE = YES_ERROR;
				GCC_WARN_UNDECLARED_SELECTOR = YES;
				GCC_WARN_UNINITIALIZED_AUTOS = YES_AGGRESSIVE;
				GCC_WARN_UNUSED_FUNCTION = YES;
				GCC_WARN_UNUSED_VARIABLE = YES;
				IPHONEOS_DEPLOYMENT_TARGET = 15.5;
				MTL_ENABLE_DEBUG_INFO = INCLUDE_SOURCE;
				MTL_FAST_MATH = YES;
				ONLY_ACTIVE_ARCH = YES;
				SDKROOT = iphoneos;
				SWIFT_ACTIVE_COMPILATION_CONDITIONS = DEBUG;
				SWIFT_OPTIMIZATION_LEVEL = "-Onone";
			};
			name = Debug;
		};
		77482F0F2881ED4600082BEB /* Release */ = {
			isa = XCBuildConfiguration;
			buildSettings = {
				ALWAYS_SEARCH_USER_PATHS = NO;
				CLANG_ANALYZER_NONNULL = YES;
				CLANG_ANALYZER_NUMBER_OBJECT_CONVERSION = YES_AGGRESSIVE;
				CLANG_CXX_LANGUAGE_STANDARD = "gnu++17";
				CLANG_ENABLE_MODULES = YES;
				CLANG_ENABLE_OBJC_ARC = YES;
				CLANG_ENABLE_OBJC_WEAK = YES;
				CLANG_WARN_BLOCK_CAPTURE_AUTORELEASING = YES;
				CLANG_WARN_BOOL_CONVERSION = YES;
				CLANG_WARN_COMMA = YES;
				CLANG_WARN_CONSTANT_CONVERSION = YES;
				CLANG_WARN_DEPRECATED_OBJC_IMPLEMENTATIONS = YES;
				CLANG_WARN_DIRECT_OBJC_ISA_USAGE = YES_ERROR;
				CLANG_WARN_DOCUMENTATION_COMMENTS = YES;
				CLANG_WARN_EMPTY_BODY = YES;
				CLANG_WARN_ENUM_CONVERSION = YES;
				CLANG_WARN_INFINITE_RECURSION = YES;
				CLANG_WARN_INT_CONVERSION = YES;
				CLANG_WARN_NON_LITERAL_NULL_CONVERSION = YES;
				CLANG_WARN_OBJC_IMPLICIT_RETAIN_SELF = YES;
				CLANG_WARN_OBJC_LITERAL_CONVERSION = YES;
				CLANG_WARN_OBJC_ROOT_CLASS = YES_ERROR;
				CLANG_WARN_QUOTED_INCLUDE_IN_FRAMEWORK_HEADER = YES;
				CLANG_WARN_RANGE_LOOP_ANALYSIS = YES;
				CLANG_WARN_STRICT_PROTOTYPES = YES;
				CLANG_WARN_SUSPICIOUS_MOVE = YES;
				CLANG_WARN_UNGUARDED_AVAILABILITY = YES_AGGRESSIVE;
				CLANG_WARN_UNREACHABLE_CODE = YES;
				CLANG_WARN__DUPLICATE_METHOD_MATCH = YES;
				COPY_PHASE_STRIP = NO;
				DEBUG_INFORMATION_FORMAT = "dwarf-with-dsym";
				ENABLE_NS_ASSERTIONS = NO;
				ENABLE_STRICT_OBJC_MSGSEND = YES;
				GCC_C_LANGUAGE_STANDARD = gnu11;
				GCC_NO_COMMON_BLOCKS = YES;
				GCC_WARN_64_TO_32_BIT_CONVERSION = YES;
				GCC_WARN_ABOUT_RETURN_TYPE = YES_ERROR;
				GCC_WARN_UNDECLARED_SELECTOR = YES;
				GCC_WARN_UNINITIALIZED_AUTOS = YES_AGGRESSIVE;
				GCC_WARN_UNUSED_FUNCTION = YES;
				GCC_WARN_UNUSED_VARIABLE = YES;
				IPHONEOS_DEPLOYMENT_TARGET = 15.5;
				MTL_ENABLE_DEBUG_INFO = NO;
				MTL_FAST_MATH = YES;
				SDKROOT = iphoneos;
				SWIFT_COMPILATION_MODE = wholemodule;
				SWIFT_OPTIMIZATION_LEVEL = "-O";
				VALIDATE_PRODUCT = YES;
			};
			name = Release;
		};
		77482F112881ED4600082BEB /* Debug */ = {
			isa = XCBuildConfiguration;
			buildSettings = {
				ASSETCATALOG_COMPILER_APPICON_NAME = AppIcon;
				ASSETCATALOG_COMPILER_GLOBAL_ACCENT_COLOR_NAME = AccentColor;
				CODE_SIGN_STYLE = Automatic;
				CURRENT_PROJECT_VERSION = 1;
				GENERATE_INFOPLIST_FILE = YES;
				INFOPLIST_FILE = TDDPractice/Info.plist;
				INFOPLIST_KEY_UIApplicationSupportsIndirectInputEvents = YES;
				INFOPLIST_KEY_UILaunchStoryboardName = LaunchScreen;
				INFOPLIST_KEY_UIMainStoryboardFile = Main;
				INFOPLIST_KEY_UISupportedInterfaceOrientations_iPad = "UIInterfaceOrientationPortrait UIInterfaceOrientationPortraitUpsideDown UIInterfaceOrientationLandscapeLeft UIInterfaceOrientationLandscapeRight";
				INFOPLIST_KEY_UISupportedInterfaceOrientations_iPhone = "UIInterfaceOrientationPortrait UIInterfaceOrientationLandscapeLeft UIInterfaceOrientationLandscapeRight";
				LD_RUNPATH_SEARCH_PATHS = (
					"$(inherited)",
					"@executable_path/Frameworks",
				);
				MARKETING_VERSION = 1.0;
				PRODUCT_BUNDLE_IDENTIFIER = NAN.TDDPractice;
				PRODUCT_NAME = "$(TARGET_NAME)";
				SWIFT_EMIT_LOC_STRINGS = YES;
				SWIFT_VERSION = 5.0;
				TARGETED_DEVICE_FAMILY = "1,2";
			};
			name = Debug;
		};
		77482F122881ED4600082BEB /* Release */ = {
			isa = XCBuildConfiguration;
			buildSettings = {
				ASSETCATALOG_COMPILER_APPICON_NAME = AppIcon;
				ASSETCATALOG_COMPILER_GLOBAL_ACCENT_COLOR_NAME = AccentColor;
				CODE_SIGN_STYLE = Automatic;
				CURRENT_PROJECT_VERSION = 1;
				GENERATE_INFOPLIST_FILE = YES;
				INFOPLIST_FILE = TDDPractice/Info.plist;
				INFOPLIST_KEY_UIApplicationSupportsIndirectInputEvents = YES;
				INFOPLIST_KEY_UILaunchStoryboardName = LaunchScreen;
				INFOPLIST_KEY_UIMainStoryboardFile = Main;
				INFOPLIST_KEY_UISupportedInterfaceOrientations_iPad = "UIInterfaceOrientationPortrait UIInterfaceOrientationPortraitUpsideDown UIInterfaceOrientationLandscapeLeft UIInterfaceOrientationLandscapeRight";
				INFOPLIST_KEY_UISupportedInterfaceOrientations_iPhone = "UIInterfaceOrientationPortrait UIInterfaceOrientationLandscapeLeft UIInterfaceOrientationLandscapeRight";
				LD_RUNPATH_SEARCH_PATHS = (
					"$(inherited)",
					"@executable_path/Frameworks",
				);
				MARKETING_VERSION = 1.0;
				PRODUCT_BUNDLE_IDENTIFIER = NAN.TDDPractice;
				PRODUCT_NAME = "$(TARGET_NAME)";
				SWIFT_EMIT_LOC_STRINGS = YES;
				SWIFT_VERSION = 5.0;
				TARGETED_DEVICE_FAMILY = "1,2";
			};
			name = Release;
		};
		77482F1E2881F51300082BEB /* Debug */ = {
			isa = XCBuildConfiguration;
			buildSettings = {
				BUNDLE_LOADER = "$(TEST_HOST)";
				CODE_SIGN_STYLE = Automatic;
				CURRENT_PROJECT_VERSION = 1;
				GENERATE_INFOPLIST_FILE = YES;
				MARKETING_VERSION = 1.0;
				PRODUCT_BUNDLE_IDENTIFIER = NAN.TDDPracticeTests;
				PRODUCT_NAME = "$(TARGET_NAME)";
				SWIFT_EMIT_LOC_STRINGS = NO;
				SWIFT_VERSION = 5.0;
				TARGETED_DEVICE_FAMILY = "1,2";
				TEST_HOST = "$(BUILT_PRODUCTS_DIR)/TDDPractice.app/TDDPractice";
			};
			name = Debug;
		};
		77482F1F2881F51300082BEB /* Release */ = {
			isa = XCBuildConfiguration;
			buildSettings = {
				BUNDLE_LOADER = "$(TEST_HOST)";
				CODE_SIGN_STYLE = Automatic;
				CURRENT_PROJECT_VERSION = 1;
				GENERATE_INFOPLIST_FILE = YES;
				MARKETING_VERSION = 1.0;
				PRODUCT_BUNDLE_IDENTIFIER = NAN.TDDPracticeTests;
				PRODUCT_NAME = "$(TARGET_NAME)";
				SWIFT_EMIT_LOC_STRINGS = NO;
				SWIFT_VERSION = 5.0;
				TARGETED_DEVICE_FAMILY = "1,2";
				TEST_HOST = "$(BUILT_PRODUCTS_DIR)/TDDPractice.app/TDDPractice";
			};
			name = Release;
		};
/* End XCBuildConfiguration section */

/* Begin XCConfigurationList section */
		77482EF72881ED4500082BEB /* Build configuration list for PBXProject "TDDPractice" */ = {
			isa = XCConfigurationList;
			buildConfigurations = (
				77482F0E2881ED4600082BEB /* Debug */,
				77482F0F2881ED4600082BEB /* Release */,
			);
			defaultConfigurationIsVisible = 0;
			defaultConfigurationName = Release;
		};
		77482F102881ED4600082BEB /* Build configuration list for PBXNativeTarget "TDDPractice" */ = {
			isa = XCConfigurationList;
			buildConfigurations = (
				77482F112881ED4600082BEB /* Debug */,
				77482F122881ED4600082BEB /* Release */,
			);
			defaultConfigurationIsVisible = 0;
			defaultConfigurationName = Release;
		};
		77482F1D2881F51300082BEB /* Build configuration list for PBXNativeTarget "TDDPracticeTests" */ = {
			isa = XCConfigurationList;
			buildConfigurations = (
				77482F1E2881F51300082BEB /* Debug */,
				77482F1F2881F51300082BEB /* Release */,
			);
			defaultConfigurationIsVisible = 0;
			defaultConfigurationName = Release;
		};
/* End XCConfigurationList section */
	};
	rootObject = 77482EF42881ED4500082BEB /* Project object */;
}
